
Microsoft Visual Studio Solution File, Format Version 12.00
# Visual Studio 15
VisualStudioVersion = 15.0.26403.7
MinimumVisualStudioVersion = 10.0.40219.1
Project("{FAE04EC0-301F-11D3-BF4B-00C04F79EFBC}") = "TitaniumAS.Opc.Client", "TitaniumAS.Opc.Client\TitaniumAS.Opc.Client.csproj", "{0F7347F4-79F1-4C63-8C75-60F8D1A7E950}"
EndProject
Project("{FAE04EC0-301F-11D3-BF4B-00C04F79EFBC}") = "TitaniumAS.Opc.Client.Tests", "TitaniumAS.Opc.Client.Tests\TitaniumAS.Opc.Client.Tests.csproj", "{48DB6542-E413-4864-9B9A-7CEAE825D78C}"
EndProject
Global
	GlobalSection(SolutionConfigurationPlatforms) = preSolution
		Debug|Any CPU = Debug|Any CPU
		Release|Any CPU = Release|Any CPU
	EndGlobalSection
	GlobalSection(ProjectConfigurationPlatforms) = postSolution
		{0F7347F4-79F1-4C63-8C75-60F8D1A7E950}.Debug|Any CPU.ActiveCfg = Debug|Any CPU
		{0F7347F4-79F1-4C63-8C75-60F8D1A7E950}.Debug|Any CPU.Build.0 = Debug|Any CPU
		{0F7347F4-79F1-4C63-8C75-60F8D1A7E950}.Release|Any CPU.ActiveCfg = Release|Any CPU
		{0F7347F4-79F1-4C63-8C75-60F8D1A7E950}.Release|Any CPU.Build.0 = Release|Any CPU
		{48DB6542-E413-4864-9B9A-7CEAE825D78C}.Debug|Any CPU.ActiveCfg = Debug|Any CPU
		{48DB6542-E413-4864-9B9A-7CEAE825D78C}.Debug|Any CPU.Build.0 = Debug|Any CPU
		{48DB6542-E413-4864-9B9A-7CEAE825D78C}.Release|Any CPU.ActiveCfg = Release|Any CPU
		{48DB6542-E413-4864-9B9A-7CEAE825D78C}.Release|Any CPU.Build.0 = Release|Any CPU
	EndGlobalSection
	GlobalSection(SolutionProperties) = preSolution
		HideSolutionNode = FALSE
	EndGlobalSection
EndGlobal
